
Microsoft Visual Studio Solution File, Format Version 12.00
# Visual Studio Version 17
VisualStudioVersion = 17.5.33502.453
MinimumVisualStudioVersion = 10.0.40219.1
Project("{FAE04EC0-301F-11D3-BF4B-00C04F79EFBC}") = "Server", "Server\Server.csproj", "{6E8F1DD7-18C3-42A8-9BAF-43F973FC3B36}"
EndProject
Project("{FAE04EC0-301F-11D3-BF4B-00C04F79EFBC}") = "Client", "Client\Client.csproj", "{765CF670-F79A-46BA-942E-AF3C3F4A57E0}"
EndProject
Global
	GlobalSection(SolutionConfigurationPlatforms) = preSolution
		Debug|Any CPU = Debug|Any CPU
		Release|Any CPU = Release|Any CPU
	EndGlobalSection
	GlobalSection(ProjectConfigurationPlatforms) = postSolution
		{6E8F1DD7-18C3-42A8-9BAF-43F973FC3B36}.Debug|Any CPU.ActiveCfg = Debug|Any CPU
		{6E8F1DD7-18C3-42A8-9BAF-43F973FC3B36}.Debug|Any CPU.Build.0 = Debug|Any CPU
		{6E8F1DD7-18C3-42A8-9BAF-43F973FC3B36}.Release|Any CPU.ActiveCfg = Release|Any CPU
		{6E8F1DD7-18C3-42A8-9BAF-43F973FC3B36}.Release|Any CPU.Build.0 = Release|Any CPU
		{765CF670-F79A-46BA-942E-AF3C3F4A57E0}.Debug|Any CPU.ActiveCfg = Debug|Any CPU
		{765CF670-F79A-46BA-942E-AF3C3F4A57E0}.Debug|Any CPU.Build.0 = Debug|Any CPU
		{765CF670-F79A-46BA-942E-AF3C3F4A57E0}.Release|Any CPU.ActiveCfg = Release|Any CPU
		{765CF670-F79A-46BA-942E-AF3C3F4A57E0}.Release|Any CPU.Build.0 = Release|Any CPU
	EndGlobalSection
	GlobalSection(SolutionProperties) = preSolution
		HideSolutionNode = FALSE
	EndGlobalSection
	GlobalSection(ExtensibilityGlobals) = postSolution
		SolutionGuid = {081F4B8E-5996-4542-8E04-668909383F9B}
	EndGlobalSection
EndGlobal
